
Microsoft Visual Studio Solution File, Format Version 12.00
# Visual Studio Version 16
VisualStudioVersion = 16.0.30503.244
MinimumVisualStudioVersion = 10.0.40219.1
Project("{9A19103F-16F7-4668-BE54-9A1E7A4F7556}") = "repo-analysis-detectors", "repo-analysis-detectors\repo-analysis-detectors.csproj", "{CF2F4BF6-4C0F-4411-97EB-F337013CF808}"
EndProject
Project("{FAE04EC0-301F-11D3-BF4B-00C04F79EFBC}") = "repo-analysis-detectors.tests.project", "repo-analysis-detectors.tests.project\repo-analysis-detectors.tests.project.csproj", "{0C689CE2-6E05-4218-91FE-290FC2F2742F}"
EndProject
Global
	GlobalSection(SolutionConfigurationPlatforms) = preSolution
		Debug|Any CPU = Debug|Any CPU
		Release|Any CPU = Release|Any CPU
	EndGlobalSection
	GlobalSection(ProjectConfigurationPlatforms) = postSolution
		{CF2F4BF6-4C0F-4411-97EB-F337013CF808}.Debug|Any CPU.ActiveCfg = Debug|Any CPU
		{CF2F4BF6-4C0F-4411-97EB-F337013CF808}.Debug|Any CPU.Build.0 = Debug|Any CPU
		{CF2F4BF6-4C0F-4411-97EB-F337013CF808}.Release|Any CPU.ActiveCfg = Release|Any CPU
		{CF2F4BF6-4C0F-4411-97EB-F337013CF808}.Release|Any CPU.Build.0 = Release|Any CPU
		{0C689CE2-6E05-4218-91FE-290FC2F2742F}.Debug|Any CPU.ActiveCfg = Debug|Any CPU
		{0C689CE2-6E05-4218-91FE-290FC2F2742F}.Debug|Any CPU.Build.0 = Debug|Any CPU
		{0C689CE2-6E05-4218-91FE-290FC2F2742F}.Release|Any CPU.ActiveCfg = Release|Any CPU
		{0C689CE2-6E05-4218-91FE-290FC2F2742F}.Release|Any CPU.Build.0 = Release|Any CPU
	EndGlobalSection
	GlobalSection(SolutionProperties) = preSolution
		HideSolutionNode = FALSE
	EndGlobalSection
	GlobalSection(ExtensibilityGlobals) = postSolution
		SolutionGuid = {9A9C77A5-FB83-4412-A396-1D7223AC9052}
	EndGlobalSection
EndGlobal
